
Microsoft Visual Studio Solution File, Format Version 12.00
# Visual Studio 2012
Project("{FAE04EC0-301F-11D3-BF4B-00C04F79EFBC}") = "CPT-UDP-mobile", "CPT-TCP-mobile\CPT-UDP-mobile.csproj", "{71DA6EF4-593A-44FE-B5B6-A17CF727CD74}"
EndProject
Project("{2150E333-8FDC-42A3-9474-1A3956D46DE8}") = "Solution Items", "Solution Items", "{8D46A98D-70E4-4B81-B966-D46AC6A22EC4}"
	ProjectSection(SolutionItems) = preProject
		Mono.Nat.dll = Mono.Nat.dll
	EndProjectSection
EndProject
Global
	GlobalSection(SolutionConfigurationPlatforms) = preSolution
		Debug|Any CPU = Debug|Any CPU
		Release|Any CPU = Release|Any CPU
	EndGlobalSection
	GlobalSection(ProjectConfigurationPlatforms) = postSolution
		{71DA6EF4-593A-44FE-B5B6-A17CF727CD74}.Debug|Any CPU.ActiveCfg = Debug|Any CPU
		{71DA6EF4-593A-44FE-B5B6-A17CF727CD74}.Debug|Any CPU.Build.0 = Debug|Any CPU
		{71DA6EF4-593A-44FE-B5B6-A17CF727CD74}.Release|Any CPU.ActiveCfg = Release|Any CPU
		{71DA6EF4-593A-44FE-B5B6-A17CF727CD74}.Release|Any CPU.Build.0 = Release|Any CPU
	EndGlobalSection
	GlobalSection(NestedProjects) = preSolution
	EndGlobalSection
EndGlobal
